
Microsoft Visual Studio Solution File, Format Version 12.00
# Visual Studio Version 17
VisualStudioVersion = 17.8.34330.188
MinimumVisualStudioVersion = 10.0.40219.1
Project("{FAE04EC0-301F-11D3-BF4B-00C04F79EFBC}") = "Homework1", "Homework1\Homework1.csproj", "{C2C08501-0989-491E-A64C-52B2DEC5770C}"
EndProject
Global
	GlobalSection(SolutionConfigurationPlatforms) = preSolution
		Debug|Any CPU = Debug|Any CPU
		Release|Any CPU = Release|Any CPU
	EndGlobalSection
	GlobalSection(ProjectConfigurationPlatforms) = postSolution
		{C2C08501-0989-491E-A64C-52B2DEC5770C}.Debug|Any CPU.ActiveCfg = Debug|Any CPU
		{C2C08501-0989-491E-A64C-52B2DEC5770C}.Debug|Any CPU.Build.0 = Debug|Any CPU
		{C2C08501-0989-491E-A64C-52B2DEC5770C}.Release|Any CPU.ActiveCfg = Release|Any CPU
		{C2C08501-0989-491E-A64C-52B2DEC5770C}.Release|Any CPU.Build.0 = Release|Any CPU
	EndGlobalSection
	GlobalSection(SolutionProperties) = preSolution
		HideSolutionNode = FALSE
	EndGlobalSection
	GlobalSection(ExtensibilityGlobals) = postSolution
		SolutionGuid = {0BF9D8FD-1B5E-48A6-802F-02F0F87F83E9}
	EndGlobalSection
EndGlobal
